
Microsoft Visual Studio Solution File, Format Version 12.00
# Visual Studio 14
VisualStudioVersion = 14.0.25420.1
MinimumVisualStudioVersion = 10.0.40219.1
Project("{FAE04EC0-301F-11D3-BF4B-00C04F79EFBC}") = "Ejercicio7", "Ejercicio7\Ejercicio7.csproj", "{3FBD9536-5EE2-48D1-BFC1-036782E85C3F}"
EndProject
Global
	GlobalSection(SolutionConfigurationPlatforms) = preSolution
		Debug|Any CPU = Debug|Any CPU
		Release|Any CPU = Release|Any CPU
	EndGlobalSection
	GlobalSection(ProjectConfigurationPlatforms) = postSolution
		{3FBD9536-5EE2-48D1-BFC1-036782E85C3F}.Debug|Any CPU.ActiveCfg = Debug|Any CPU
		{3FBD9536-5EE2-48D1-BFC1-036782E85C3F}.Debug|Any CPU.Build.0 = Debug|Any CPU
		{3FBD9536-5EE2-48D1-BFC1-036782E85C3F}.Release|Any CPU.ActiveCfg = Release|Any CPU
		{3FBD9536-5EE2-48D1-BFC1-036782E85C3F}.Release|Any CPU.Build.0 = Release|Any CPU
	EndGlobalSection
	GlobalSection(SolutionProperties) = preSolution
		HideSolutionNode = FALSE
	EndGlobalSection
EndGlobal
